// !$*UTF8*$!
{
	archiveVersion = 1;
	classes = {
	};
	objectVersion = 46;
	objects = {

/* Begin PBXBuildFile section */
		99B6BD98CC45FD2F3D80E844 /* Pods_PiperChatTests.framework in Frameworks */ = {isa = PBXBuildFile; fileRef = DCDE115D8BA8FCA7D3B9798B /* Pods_PiperChatTests.framework */; };
		B10254321EC955990064373A /* AppDelegate.swift in Sources */ = {isa = PBXBuildFile; fileRef = B10254311EC955990064373A /* AppDelegate.swift */; };
		B10254391EC955990064373A /* Assets.xcassets in Resources */ = {isa = PBXBuildFile; fileRef = B10254381EC955990064373A /* Assets.xcassets */; };
		B102543C1EC955990064373A /* LaunchScreen.storyboard in Resources */ = {isa = PBXBuildFile; fileRef = B102543A1EC955990064373A /* LaunchScreen.storyboard */; };
		B10254471EC9559A0064373A /* PiperChatTests.swift in Sources */ = {isa = PBXBuildFile; fileRef = B10254461EC9559A0064373A /* PiperChatTests.swift */; };
		B10254521EC9559A0064373A /* PiperChatUITests.swift in Sources */ = {isa = PBXBuildFile; fileRef = B10254511EC9559A0064373A /* PiperChatUITests.swift */; };
		B10254601ECA00C50064373A /* ClassExtensions.swift in Sources */ = {isa = PBXBuildFile; fileRef = B102545F1ECA00C50064373A /* ClassExtensions.swift */; };
		B10254621ECA015A0064373A /* Metadata.swift in Sources */ = {isa = PBXBuildFile; fileRef = B10254611ECA015A0064373A /* Metadata.swift */; };
		B14568A01ECE2A970010B9F1 /* Persistent.swift in Sources */ = {isa = PBXBuildFile; fileRef = B145689F1ECE2A970010B9F1 /* Persistent.swift */; };
		B14568A21ECE31260010B9F1 /* RealmManager.swift in Sources */ = {isa = PBXBuildFile; fileRef = B14568A11ECE31260010B9F1 /* RealmManager.swift */; };
		B14568A41ECF27A80010B9F1 /* FriendsPickerView.swift in Sources */ = {isa = PBXBuildFile; fileRef = B14568A31ECF27A80010B9F1 /* FriendsPickerView.swift */; };
		B14568A61ECF512E0010B9F1 /* UserCell.swift in Sources */ = {isa = PBXBuildFile; fileRef = B14568A51ECF512E0010B9F1 /* UserCell.swift */; };
		B15926701ECD919A00AE9140 /* PiperChatUser.swift in Sources */ = {isa = PBXBuildFile; fileRef = B159266F1ECD919A00AE9140 /* PiperChatUser.swift */; };
		B15926721ECD935400AE9140 /* AccountManager.swift in Sources */ = {isa = PBXBuildFile; fileRef = B15926711ECD935400AE9140 /* AccountManager.swift */; };
		B16615051ECAFEE2000EEB05 /* log.swift in Sources */ = {isa = PBXBuildFile; fileRef = B16615041ECAFEE2000EEB05 /* log.swift */; };
		B16615081ECB1760000EEB05 /* MainViewController.swift in Sources */ = {isa = PBXBuildFile; fileRef = B16615071ECB1760000EEB05 /* MainViewController.swift */; };
		B166150C1ECB1795000EEB05 /* BubbleCell.swift in Sources */ = {isa = PBXBuildFile; fileRef = B166150B1ECB1795000EEB05 /* BubbleCell.swift */; };
		B166150E1ECC4C55000EEB05 /* PiperChatMessage.swift in Sources */ = {isa = PBXBuildFile; fileRef = B166150D1ECC4C55000EEB05 /* PiperChatMessage.swift */; };
		B16615101ECC4F20000EEB05 /* ChatDetailViewController.swift in Sources */ = {isa = PBXBuildFile; fileRef = B166150F1ECC4F20000EEB05 /* ChatDetailViewController.swift */; };
		B16615121ECC5476000EEB05 /* SessionCell.swift in Sources */ = {isa = PBXBuildFile; fileRef = B16615111ECC5476000EEB05 /* SessionCell.swift */; };
		B16615141ECC7814000EEB05 /* Badge.swift in Sources */ = {isa = PBXBuildFile; fileRef = B16615131ECC7814000EEB05 /* Badge.swift */; };
		B16615161ECC7CA8000EEB05 /* PiperChatSession.swift in Sources */ = {isa = PBXBuildFile; fileRef = B16615151ECC7CA8000EEB05 /* PiperChatSession.swift */; };
		B1A036DD1ECC853300B9DDDE /* PiperChatSessionManager.swift in Sources */ = {isa = PBXBuildFile; fileRef = B1A036DC1ECC853300B9DDDE /* PiperChatSessionManager.swift */; };
		B1D0CFDD1ED2EC1B00539523 /* SocketManager.swift in Sources */ = {isa = PBXBuildFile; fileRef = B1D0CFDC1ED2EC1B00539523 /* SocketManager.swift */; };
		B1D0CFDF1ED31E0300539523 /* PiperChatUserManager.swift in Sources */ = {isa = PBXBuildFile; fileRef = B1D0CFDE1ED31E0300539523 /* PiperChatUserManager.swift */; };
		B1F795891ECCD57D000A6DEB /* GradientRainbowView.swift in Sources */ = {isa = PBXBuildFile; fileRef = B1F795881ECCD57D000A6DEB /* GradientRainbowView.swift */; };
		B1F7958B1ECCD5E0000A6DEB /* LoginViewController.swift in Sources */ = {isa = PBXBuildFile; fileRef = B1F7958A1ECCD5E0000A6DEB /* LoginViewController.swift */; };
		BBB952C199603255B26D6D10 /* Pods_PiperChat.framework in Frameworks */ = {isa = PBXBuildFile; fileRef = 91DEF4BD117C06B3154446BC /* Pods_PiperChat.framework */; };
		E494E9EFF5A5ED2F5C5B6569 /* Pods_PiperChatUITests.framework in Frameworks */ = {isa = PBXBuildFile; fileRef = 895798331DC6FD9623982BC1 /* Pods_PiperChatUITests.framework */; };
/* End PBXBuildFile section */

/* Begin PBXContainerItemProxy section */
		B10254431EC9559A0064373A /* PBXContainerItemProxy */ = {
			isa = PBXContainerItemProxy;
			containerPortal = B10254261EC955990064373A /* Project object */;
			proxyType = 1;
			remoteGlobalIDString = B102542D1EC955990064373A;
			remoteInfo = PiperChat;
		};
		B102544E1EC9559A0064373A /* PBXContainerItemProxy */ = {
			isa = PBXContainerItemProxy;
			containerPortal = B10254261EC955990064373A /* Project object */;
			proxyType = 1;
			remoteGlobalIDString = B102542D1EC955990064373A;
			remoteInfo = PiperChat;
		};
/* End PBXContainerItemProxy section */

/* Begin PBXFileReference section */
		03E49E961D0D6B70ED447BC5 /* Pods-PiperChatTests.debug.xcconfig */ = {isa = PBXFileReference; includeInIndex = 1; lastKnownFileType = text.xcconfig; name = "Pods-PiperChatTests.debug.xcconfig"; path = "Pods/Target Support Files/Pods-PiperChatTests/Pods-PiperChatTests.debug.xcconfig"; sourceTree = "<group>"; };
		70162BDAE0A63ABA05925DF8 /* Pods-PiperChat.debug.xcconfig */ = {isa = PBXFileReference; includeInIndex = 1; lastKnownFileType = text.xcconfig; name = "Pods-PiperChat.debug.xcconfig"; path = "Pods/Target Support Files/Pods-PiperChat/Pods-PiperChat.debug.xcconfig"; sourceTree = "<group>"; };
		72D6EBF1EB6FF40B5A138B33 /* Pods-PiperChat.release.xcconfig */ = {isa = PBXFileReference; includeInIndex = 1; lastKnownFileType = text.xcconfig; name = "Pods-PiperChat.release.xcconfig"; path = "Pods/Target Support Files/Pods-PiperChat/Pods-PiperChat.release.xcconfig"; sourceTree = "<group>"; };
		752DDDCB994126DA576A07B6 /* Pods-PiperChatTests.release.xcconfig */ = {isa = PBXFileReference; includeInIndex = 1; lastKnownFileType = text.xcconfig; name = "Pods-PiperChatTests.release.xcconfig"; path = "Pods/Target Support Files/Pods-PiperChatTests/Pods-PiperChatTests.release.xcconfig"; sourceTree = "<group>"; };
		895798331DC6FD9623982BC1 /* Pods_PiperChatUITests.framework */ = {isa = PBXFileReference; explicitFileType = wrapper.framework; includeInIndex = 0; path = Pods_PiperChatUITests.framework; sourceTree = BUILT_PRODUCTS_DIR; };
		91DEF4BD117C06B3154446BC /* Pods_PiperChat.framework */ = {isa = PBXFileReference; explicitFileType = wrapper.framework; includeInIndex = 0; path = Pods_PiperChat.framework; sourceTree = BUILT_PRODUCTS_DIR; };
		94B5B0CB2831069806A7B251 /* Pods-PiperChatUITests.debug.xcconfig */ = {isa = PBXFileReference; includeInIndex = 1; lastKnownFileType = text.xcconfig; name = "Pods-PiperChatUITests.debug.xcconfig"; path = "Pods/Target Support Files/Pods-PiperChatUITests/Pods-PiperChatUITests.debug.xcconfig"; sourceTree = "<group>"; };
		B102542E1EC955990064373A /* PiperChat.app */ = {isa = PBXFileReference; explicitFileType = wrapper.application; includeInIndex = 0; path = PiperChat.app; sourceTree = BUILT_PRODUCTS_DIR; };
		B10254311EC955990064373A /* AppDelegate.swift */ = {isa = PBXFileReference; lastKnownFileType = sourcecode.swift; path = AppDelegate.swift; sourceTree = "<group>"; };
		B10254381EC955990064373A /* Assets.xcassets */ = {isa = PBXFileReference; lastKnownFileType = folder.assetcatalog; path = Assets.xcassets; sourceTree = "<group>"; };
		B102543B1EC955990064373A /* Base */ = {isa = PBXFileReference; lastKnownFileType = file.storyboard; name = Base; path = Base.lproj/LaunchScreen.storyboard; sourceTree = "<group>"; };
		B102543D1EC955990064373A /* Info.plist */ = {isa = PBXFileReference; lastKnownFileType = text.plist.xml; path = Info.plist; sourceTree = "<group>"; };
		B10254421EC9559A0064373A /* PiperChatTests.xctest */ = {isa = PBXFileReference; explicitFileType = wrapper.cfbundle; includeInIndex = 0; path = PiperChatTests.xctest; sourceTree = BUILT_PRODUCTS_DIR; };
		B10254461EC9559A0064373A /* PiperChatTests.swift */ = {isa = PBXFileReference; lastKnownFileType = sourcecode.swift; path = PiperChatTests.swift; sourceTree = "<group>"; };
		B10254481EC9559A0064373A /* Info.plist */ = {isa = PBXFileReference; lastKnownFileType = text.plist.xml; path = Info.plist; sourceTree = "<group>"; };
		B102544D1EC9559A0064373A /* PiperChatUITests.xctest */ = {isa = PBXFileReference; explicitFileType = wrapper.cfbundle; includeInIndex = 0; path = PiperChatUITests.xctest; sourceTree = BUILT_PRODUCTS_DIR; };
		B10254511EC9559A0064373A /* PiperChatUITests.swift */ = {isa = PBXFileReference; lastKnownFileType = sourcecode.swift; path = PiperChatUITests.swift; sourceTree = "<group>"; };
		B10254531EC9559A0064373A /* Info.plist */ = {isa = PBXFileReference; lastKnownFileType = text.plist.xml; path = Info.plist; sourceTree = "<group>"; };
		B102545F1ECA00C50064373A /* ClassExtensions.swift */ = {isa = PBXFileReference; fileEncoding = 4; lastKnownFileType = sourcecode.swift; path = ClassExtensions.swift; sourceTree = "<group>"; };
		B10254611ECA015A0064373A /* Metadata.swift */ = {isa = PBXFileReference; fileEncoding = 4; lastKnownFileType = sourcecode.swift; path = Metadata.swift; sourceTree = "<group>"; };
		B145689F1ECE2A970010B9F1 /* Persistent.swift */ = {isa = PBXFileReference; fileEncoding = 4; lastKnownFileType = sourcecode.swift; path = Persistent.swift; sourceTree = "<group>"; };
		B14568A11ECE31260010B9F1 /* RealmManager.swift */ = {isa = PBXFileReference; fileEncoding = 4; lastKnownFileType = sourcecode.swift; path = RealmManager.swift; sourceTree = "<group>"; };
		B14568A31ECF27A80010B9F1 /* FriendsPickerView.swift */ = {isa = PBXFileReference; fileEncoding = 4; lastKnownFileType = sourcecode.swift; path = FriendsPickerView.swift; sourceTree = "<group>"; };
		B14568A51ECF512E0010B9F1 /* UserCell.swift */ = {isa = PBXFileReference; fileEncoding = 4; lastKnownFileType = sourcecode.swift; path = UserCell.swift; sourceTree = "<group>"; };
		B159266F1ECD919A00AE9140 /* PiperChatUser.swift */ = {isa = PBXFileReference; fileEncoding = 4; lastKnownFileType = sourcecode.swift; path = PiperChatUser.swift; sourceTree = "<group>"; };
		B15926711ECD935400AE9140 /* AccountManager.swift */ = {isa = PBXFileReference; fileEncoding = 4; lastKnownFileType = sourcecode.swift; path = AccountManager.swift; sourceTree = "<group>"; };
		B16615041ECAFEE2000EEB05 /* log.swift */ = {isa = PBXFileReference; fileEncoding = 4; lastKnownFileType = sourcecode.swift; path = log.swift; sourceTree = "<group>"; };
		B16615071ECB1760000EEB05 /* MainViewController.swift */ = {isa = PBXFileReference; fileEncoding = 4; lastKnownFileType = sourcecode.swift; path = MainViewController.swift; sourceTree = "<group>"; };
		B166150B1ECB1795000EEB05 /* BubbleCell.swift */ = {isa = PBXFileReference; fileEncoding = 4; lastKnownFileType = sourcecode.swift; path = BubbleCell.swift; sourceTree = "<group>"; };
		B166150D1ECC4C55000EEB05 /* PiperChatMessage.swift */ = {isa = PBXFileReference; fileEncoding = 4; lastKnownFileType = sourcecode.swift; path = PiperChatMessage.swift; sourceTree = "<group>"; };
		B166150F1ECC4F20000EEB05 /* ChatDetailViewController.swift */ = {isa = PBXFileReference; fileEncoding = 4; lastKnownFileType = sourcecode.swift; path = ChatDetailViewController.swift; sourceTree = "<group>"; };
		B16615111ECC5476000EEB05 /* SessionCell.swift */ = {isa = PBXFileReference; fileEncoding = 4; lastKnownFileType = sourcecode.swift; path = SessionCell.swift; sourceTree = "<group>"; };
		B16615131ECC7814000EEB05 /* Badge.swift */ = {isa = PBXFileReference; fileEncoding = 4; lastKnownFileType = sourcecode.swift; path = Badge.swift; sourceTree = "<group>"; };
		B16615151ECC7CA8000EEB05 /* PiperChatSession.swift */ = {isa = PBXFileReference; fileEncoding = 4; lastKnownFileType = sourcecode.swift; path = PiperChatSession.swift; sourceTree = "<group>"; };
		B1A036DC1ECC853300B9DDDE /* PiperChatSessionManager.swift */ = {isa = PBXFileReference; fileEncoding = 4; lastKnownFileType = sourcecode.swift; path = PiperChatSessionManager.swift; sourceTree = "<group>"; };
		B1D0CFDC1ED2EC1B00539523 /* SocketManager.swift */ = {isa = PBXFileReference; fileEncoding = 4; lastKnownFileType = sourcecode.swift; path = SocketManager.swift; sourceTree = "<group>"; };
		B1D0CFDE1ED31E0300539523 /* PiperChatUserManager.swift */ = {isa = PBXFileReference; fileEncoding = 4; lastKnownFileType = sourcecode.swift; path = PiperChatUserManager.swift; sourceTree = "<group>"; };
		B1F795881ECCD57D000A6DEB /* GradientRainbowView.swift */ = {isa = PBXFileReference; fileEncoding = 4; lastKnownFileType = sourcecode.swift; path = GradientRainbowView.swift; sourceTree = "<group>"; };
		B1F7958A1ECCD5E0000A6DEB /* LoginViewController.swift */ = {isa = PBXFileReference; fileEncoding = 4; lastKnownFileType = sourcecode.swift; path = LoginViewController.swift; sourceTree = "<group>"; };
		BD4EC1DE6338BB50BA8157BA /* Pods-PiperChatUITests.release.xcconfig */ = {isa = PBXFileReference; includeInIndex = 1; lastKnownFileType = text.xcconfig; name = "Pods-PiperChatUITests.release.xcconfig"; path = "Pods/Target Support Files/Pods-PiperChatUITests/Pods-PiperChatUITests.release.xcconfig"; sourceTree = "<group>"; };
		DCDE115D8BA8FCA7D3B9798B /* Pods_PiperChatTests.framework */ = {isa = PBXFileReference; explicitFileType = wrapper.framework; includeInIndex = 0; path = Pods_PiperChatTests.framework; sourceTree = BUILT_PRODUCTS_DIR; };
/* End PBXFileReference section */

/* Begin PBXFrameworksBuildPhase section */
		B102542B1EC955990064373A /* Frameworks */ = {
			isa = PBXFrameworksBuildPhase;
			buildActionMask = 2147483647;
			files = (
				BBB952C199603255B26D6D10 /* Pods_PiperChat.framework in Frameworks */,
			);
			runOnlyForDeploymentPostprocessing = 0;
		};
		B102543F1EC9559A0064373A /* Frameworks */ = {
			isa = PBXFrameworksBuildPhase;
			buildActionMask = 2147483647;
			files = (
				99B6BD98CC45FD2F3D80E844 /* Pods_PiperChatTests.framework in Frameworks */,
			);
			runOnlyForDeploymentPostprocessing = 0;
		};
		B102544A1EC9559A0064373A /* Frameworks */ = {
			isa = PBXFrameworksBuildPhase;
			buildActionMask = 2147483647;
			files = (
				E494E9EFF5A5ED2F5C5B6569 /* Pods_PiperChatUITests.framework in Frameworks */,
			);
			runOnlyForDeploymentPostprocessing = 0;
		};
/* End PBXFrameworksBuildPhase section */

/* Begin PBXGroup section */
		352AAF226D86AD966A9BD8BF /* Frameworks */ = {
			isa = PBXGroup;
			children = (
				91DEF4BD117C06B3154446BC /* Pods_PiperChat.framework */,
				DCDE115D8BA8FCA7D3B9798B /* Pods_PiperChatTests.framework */,
				895798331DC6FD9623982BC1 /* Pods_PiperChatUITests.framework */,
			);
			name = Frameworks;
			sourceTree = "<group>";
		};
		4B2A06F89A2969AAE44249EC /* Pods */ = {
			isa = PBXGroup;
			children = (
				70162BDAE0A63ABA05925DF8 /* Pods-PiperChat.debug.xcconfig */,
				72D6EBF1EB6FF40B5A138B33 /* Pods-PiperChat.release.xcconfig */,
				03E49E961D0D6B70ED447BC5 /* Pods-PiperChatTests.debug.xcconfig */,
				752DDDCB994126DA576A07B6 /* Pods-PiperChatTests.release.xcconfig */,
				94B5B0CB2831069806A7B251 /* Pods-PiperChatUITests.debug.xcconfig */,
				BD4EC1DE6338BB50BA8157BA /* Pods-PiperChatUITests.release.xcconfig */,
			);
			name = Pods;
			sourceTree = "<group>";
		};
		B10254251EC955990064373A = {
			isa = PBXGroup;
			children = (
				B10254301EC955990064373A /* PiperChat */,
				B10254451EC9559A0064373A /* PiperChatTests */,
				B10254501EC9559A0064373A /* PiperChatUITests */,
				B102542F1EC955990064373A /* Products */,
				4B2A06F89A2969AAE44249EC /* Pods */,
				352AAF226D86AD966A9BD8BF /* Frameworks */,
			);
			sourceTree = "<group>";
		};
		B102542F1EC955990064373A /* Products */ = {
			isa = PBXGroup;
			children = (
				B102542E1EC955990064373A /* PiperChat.app */,
				B10254421EC9559A0064373A /* PiperChatTests.xctest */,
				B102544D1EC9559A0064373A /* PiperChatUITests.xctest */,
			);
			name = Products;
			sourceTree = "<group>";
		};
		B10254301EC955990064373A /* PiperChat */ = {
			isa = PBXGroup;
			children = (
				B16615091ECB176C000EEB05 /* Model */,
				B166150A1ECB1773000EEB05 /* View */,
				B16615061ECB1760000EEB05 /* Controller */,
				B1A036DB1ECC851F00B9DDDE /* Manager */,
				B10254311EC955990064373A /* AppDelegate.swift */,
				B16615041ECAFEE2000EEB05 /* log.swift */,
				B102545F1ECA00C50064373A /* ClassExtensions.swift */,
				B10254611ECA015A0064373A /* Metadata.swift */,
				B10254381EC955990064373A /* Assets.xcassets */,
				B102543A1EC955990064373A /* LaunchScreen.storyboard */,
				B102543D1EC955990064373A /* Info.plist */,
			);
			path = PiperChat;
			sourceTree = "<group>";
		};
		B10254451EC9559A0064373A /* PiperChatTests */ = {
			isa = PBXGroup;
			children = (
				B10254461EC9559A0064373A /* PiperChatTests.swift */,
				B10254481EC9559A0064373A /* Info.plist */,
			);
			path = PiperChatTests;
			sourceTree = "<group>";
		};
		B10254501EC9559A0064373A /* PiperChatUITests */ = {
			isa = PBXGroup;
			children = (
				B10254511EC9559A0064373A /* PiperChatUITests.swift */,
				B10254531EC9559A0064373A /* Info.plist */,
			);
			path = PiperChatUITests;
			sourceTree = "<group>";
		};
		B16615061ECB1760000EEB05 /* Controller */ = {
			isa = PBXGroup;
			children = (
				B16615071ECB1760000EEB05 /* MainViewController.swift */,
				B1F7958A1ECCD5E0000A6DEB /* LoginViewController.swift */,
				B166150F1ECC4F20000EEB05 /* ChatDetailViewController.swift */,
			);
			path = Controller;
			sourceTree = "<group>";
		};
		B16615091ECB176C000EEB05 /* Model */ = {
			isa = PBXGroup;
			children = (
				B166150D1ECC4C55000EEB05 /* PiperChatMessage.swift */,
				B145689F1ECE2A970010B9F1 /* Persistent.swift */,
				B159266F1ECD919A00AE9140 /* PiperChatUser.swift */,
				B16615151ECC7CA8000EEB05 /* PiperChatSession.swift */,
			);
			path = Model;
			sourceTree = "<group>";
		};
		B166150A1ECB1773000EEB05 /* View */ = {
			isa = PBXGroup;
			children = (
				B166150B1ECB1795000EEB05 /* BubbleCell.swift */,
				B1F795881ECCD57D000A6DEB /* GradientRainbowView.swift */,
				B16615111ECC5476000EEB05 /* SessionCell.swift */,
				B14568A51ECF512E0010B9F1 /* UserCell.swift */,
				B14568A31ECF27A80010B9F1 /* FriendsPickerView.swift */,
				B16615131ECC7814000EEB05 /* Badge.swift */,
			);
			path = View;
			sourceTree = "<group>";
		};
		B1A036DB1ECC851F00B9DDDE /* Manager */ = {
			isa = PBXGroup;
			children = (
				B1A036DC1ECC853300B9DDDE /* PiperChatSessionManager.swift */,
				B1D0CFDC1ED2EC1B00539523 /* SocketManager.swift */,
				B1D0CFDE1ED31E0300539523 /* PiperChatUserManager.swift */,
				B14568A11ECE31260010B9F1 /* RealmManager.swift */,
				B15926711ECD935400AE9140 /* AccountManager.swift */,
			);
			path = Manager;
			sourceTree = "<group>";
		};
/* End PBXGroup section */

/* Begin PBXNativeTarget section */
		B102542D1EC955990064373A /* PiperChat */ = {
			isa = PBXNativeTarget;
			buildConfigurationList = B10254561EC9559A0064373A /* Build configuration list for PBXNativeTarget "PiperChat" */;
			buildPhases = (
				7576801F4B383DA61A5017C2 /* [CP] Check Pods Manifest.lock */,
				B102542A1EC955990064373A /* Sources */,
				B102542B1EC955990064373A /* Frameworks */,
				B102542C1EC955990064373A /* Resources */,
				C084F3EB3DB2DF65AB5EFD5C /* [CP] Embed Pods Frameworks */,
				A5503D597C065FE845414B12 /* [CP] Copy Pods Resources */,
			);
			buildRules = (
			);
			dependencies = (
			);
			name = PiperChat;
			productName = PiperChat;
			productReference = B102542E1EC955990064373A /* PiperChat.app */;
			productType = "com.apple.product-type.application";
		};
		B10254411EC9559A0064373A /* PiperChatTests */ = {
			isa = PBXNativeTarget;
			buildConfigurationList = B10254591EC9559A0064373A /* Build configuration list for PBXNativeTarget "PiperChatTests" */;
			buildPhases = (
				450E166B5FAB8CD352E3A275 /* [CP] Check Pods Manifest.lock */,
				B102543E1EC9559A0064373A /* Sources */,
				B102543F1EC9559A0064373A /* Frameworks */,
				B10254401EC9559A0064373A /* Resources */,
				E937B41D9B284F3F4E680D2E /* [CP] Embed Pods Frameworks */,
				0541F9DF62C196CE80A1E91A /* [CP] Copy Pods Resources */,
			);
			buildRules = (
			);
			dependencies = (
				B10254441EC9559A0064373A /* PBXTargetDependency */,
			);
			name = PiperChatTests;
			productName = PiperChatTests;
			productReference = B10254421EC9559A0064373A /* PiperChatTests.xctest */;
			productType = "com.apple.product-type.bundle.unit-test";
		};
		B102544C1EC9559A0064373A /* PiperChatUITests */ = {
			isa = PBXNativeTarget;
			buildConfigurationList = B102545C1EC9559A0064373A /* Build configuration list for PBXNativeTarget "PiperChatUITests" */;
			buildPhases = (
				DA48E738C829E64ACF64BD14 /* [CP] Check Pods Manifest.lock */,
				B10254491EC9559A0064373A /* Sources */,
				B102544A1EC9559A0064373A /* Frameworks */,
				B102544B1EC9559A0064373A /* Resources */,
				79517778D334DDAE3999483F /* [CP] Embed Pods Frameworks */,
				4D3CA13B72929A85BA4DDA3C /* [CP] Copy Pods Resources */,
			);
			buildRules = (
			);
			dependencies = (
				B102544F1EC9559A0064373A /* PBXTargetDependency */,
			);
			name = PiperChatUITests;
			productName = PiperChatUITests;
			productReference = B102544D1EC9559A0064373A /* PiperChatUITests.xctest */;
			productType = "com.apple.product-type.bundle.ui-testing";
		};
/* End PBXNativeTarget section */

/* Begin PBXProject section */
		B10254261EC955990064373A /* Project object */ = {
			isa = PBXProject;
			attributes = {
				LastSwiftUpdateCheck = 0830;
				LastUpgradeCheck = 0830;
				ORGANIZATIONNAME = allenx;
				TargetAttributes = {
					B102542D1EC955990064373A = {
						CreatedOnToolsVersion = 8.3.1;
						DevelopmentTeam = N777F9PD46;
						ProvisioningStyle = Automatic;
					};
					B10254411EC9559A0064373A = {
						CreatedOnToolsVersion = 8.3.1;
						DevelopmentTeam = N777F9PD46;
						ProvisioningStyle = Automatic;
						TestTargetID = B102542D1EC955990064373A;
					};
					B102544C1EC9559A0064373A = {
						CreatedOnToolsVersion = 8.3.1;
						DevelopmentTeam = N777F9PD46;
						ProvisioningStyle = Automatic;
						TestTargetID = B102542D1EC955990064373A;
					};
				};
			};
			buildConfigurationList = B10254291EC955990064373A /* Build configuration list for PBXProject "PiperChat" */;
			compatibilityVersion = "Xcode 3.2";
			developmentRegion = English;
			hasScannedForEncodings = 0;
			knownRegions = (
				en,
				Base,
			);
			mainGroup = B10254251EC955990064373A;
			productRefGroup = B102542F1EC955990064373A /* Products */;
			projectDirPath = "";
			projectRoot = "";
			targets = (
				B102542D1EC955990064373A /* PiperChat */,
				B10254411EC9559A0064373A /* PiperChatTests */,
				B102544C1EC9559A0064373A /* PiperChatUITests */,
			);
		};
/* End PBXProject section */

/* Begin PBXResourcesBuildPhase section */
		B102542C1EC955990064373A /* Resources */ = {
			isa = PBXResourcesBuildPhase;
			buildActionMask = 2147483647;
			files = (
				B102543C1EC955990064373A /* LaunchScreen.storyboard in Resources */,
				B10254391EC955990064373A /* Assets.xcassets in Resources */,
			);
			runOnlyForDeploymentPostprocessing = 0;
		};
		B10254401EC9559A0064373A /* Resources */ = {
			isa = PBXResourcesBuildPhase;
			buildActionMask = 2147483647;
			files = (
			);
			runOnlyForDeploymentPostprocessing = 0;
		};
		B102544B1EC9559A0064373A /* Resources */ = {
			isa = PBXResourcesBuildPhase;
			buildActionMask = 2147483647;
			files = (
			);
			runOnlyForDeploymentPostprocessing = 0;
		};
/* End PBXResourcesBuildPhase section */

/* Begin PBXShellScriptBuildPhase section */
		0541F9DF62C196CE80A1E91A /* [CP] Copy Pods Resources */ = {
			isa = PBXShellScriptBuildPhase;
			buildActionMask = 2147483647;
			files = (
			);
			inputPaths = (
			);
			name = "[CP] Copy Pods Resources";
			outputPaths = (
			);
			runOnlyForDeploymentPostprocessing = 0;
			shellPath = /bin/sh;
			shellScript = "\"${SRCROOT}/Pods/Target Support Files/Pods-PiperChatTests/Pods-PiperChatTests-resources.sh\"\n";
			showEnvVarsInLog = 0;
		};
		450E166B5FAB8CD352E3A275 /* [CP] Check Pods Manifest.lock */ = {
			isa = PBXShellScriptBuildPhase;
			buildActionMask = 2147483647;
			files = (
			);
			inputPaths = (
			);
			name = "[CP] Check Pods Manifest.lock";
			outputPaths = (
			);
			runOnlyForDeploymentPostprocessing = 0;
			shellPath = /bin/sh;
			shellScript = "diff \"${PODS_PODFILE_DIR_PATH}/Podfile.lock\" \"${PODS_ROOT}/Manifest.lock\" > /dev/null\nif [ $? != 0 ] ; then\n    # print error to STDERR\n    echo \"error: The sandbox is not in sync with the Podfile.lock. Run 'pod install' or update your CocoaPods installation.\" >&2\n    exit 1\nfi\n";
			showEnvVarsInLog = 0;
		};
		4D3CA13B72929A85BA4DDA3C /* [CP] Copy Pods Resources */ = {
			isa = PBXShellScriptBuildPhase;
			buildActionMask = 2147483647;
			files = (
			);
			inputPaths = (
			);
			name = "[CP] Copy Pods Resources";
			outputPaths = (
			);
			runOnlyForDeploymentPostprocessing = 0;
			shellPath = /bin/sh;
			shellScript = "\"${SRCROOT}/Pods/Target Support Files/Pods-PiperChatUITests/Pods-PiperChatUITests-resources.sh\"\n";
			showEnvVarsInLog = 0;
		};
		7576801F4B383DA61A5017C2 /* [CP] Check Pods Manifest.lock */ = {
			isa = PBXShellScriptBuildPhase;
			buildActionMask = 2147483647;
			files = (
			);
			inputPaths = (
			);
			name = "[CP] Check Pods Manifest.lock";
			outputPaths = (
			);
			runOnlyForDeploymentPostprocessing = 0;
			shellPath = /bin/sh;
			shellScript = "diff \"${PODS_PODFILE_DIR_PATH}/Podfile.lock\" \"${PODS_ROOT}/Manifest.lock\" > /dev/null\nif [ $? != 0 ] ; then\n    # print error to STDERR\n    echo \"error: The sandbox is not in sync with the Podfile.lock. Run 'pod install' or update your CocoaPods installation.\" >&2\n    exit 1\nfi\n";
			showEnvVarsInLog = 0;
		};
		79517778D334DDAE3999483F /* [CP] Embed Pods Frameworks */ = {
			isa = PBXShellScriptBuildPhase;
			buildActionMask = 2147483647;
			files = (
			);
			inputPaths = (
			);
			name = "[CP] Embed Pods Frameworks";
			outputPaths = (
			);
			runOnlyForDeploymentPostprocessing = 0;
			shellPath = /bin/sh;
			shellScript = "\"${SRCROOT}/Pods/Target Support Files/Pods-PiperChatUITests/Pods-PiperChatUITests-frameworks.sh\"\n";
			showEnvVarsInLog = 0;
		};
		A5503D597C065FE845414B12 /* [CP] Copy Pods Resources */ = {
			isa = PBXShellScriptBuildPhase;
			buildActionMask = 2147483647;
			files = (
			);
			inputPaths = (
			);
			name = "[CP] Copy Pods Resources";
			outputPaths = (
			);
			runOnlyForDeploymentPostprocessing = 0;
			shellPath = /bin/sh;
			shellScript = "\"${SRCROOT}/Pods/Target Support Files/Pods-PiperChat/Pods-PiperChat-resources.sh\"\n";
			showEnvVarsInLog = 0;
		};
		C084F3EB3DB2DF65AB5EFD5C /* [CP] Embed Pods Frameworks */ = {
			isa = PBXShellScriptBuildPhase;
			buildActionMask = 2147483647;
			files = (
			);
			inputPaths = (
			);
			name = "[CP] Embed Pods Frameworks";
			outputPaths = (
			);
			runOnlyForDeploymentPostprocessing = 0;
			shellPath = /bin/sh;
			shellScript = "\"${SRCROOT}/Pods/Target Support Files/Pods-PiperChat/Pods-PiperChat-frameworks.sh\"\n";
			showEnvVarsInLog = 0;
		};
		DA48E738C829E64ACF64BD14 /* [CP] Check Pods Manifest.lock */ = {
			isa = PBXShellScriptBuildPhase;
			buildActionMask = 2147483647;
			files = (
			);
			inputPaths = (
			);
			name = "[CP] Check Pods Manifest.lock";
			outputPaths = (
			);
			runOnlyForDeploymentPostprocessing = 0;
			shellPath = /bin/sh;
			shellScript = "diff \"${PODS_PODFILE_DIR_PATH}/Podfile.lock\" \"${PODS_ROOT}/Manifest.lock\" > /dev/null\nif [ $? != 0 ] ; then\n    # print error to STDERR\n    echo \"error: The sandbox is not in sync with the Podfile.lock. Run 'pod install' or update your CocoaPods installation.\" >&2\n    exit 1\nfi\n";
			showEnvVarsInLog = 0;
		};
		E937B41D9B284F3F4E680D2E /* [CP] Embed Pods Frameworks */ = {
			isa = PBXShellScriptBuildPhase;
			buildActionMask = 2147483647;
			files = (
			);
			inputPaths = (
			);
			name = "[CP] Embed Pods Frameworks";
			outputPaths = (
			);
			runOnlyForDeploymentPostprocessing = 0;
			shellPath = /bin/sh;
			shellScript = "\"${SRCROOT}/Pods/Target Support Files/Pods-PiperChatTests/Pods-PiperChatTests-frameworks.sh\"\n";
			showEnvVarsInLog = 0;
		};
/* End PBXShellScriptBuildPhase section */

/* Begin PBXSourcesBuildPhase section */
		B102542A1EC955990064373A /* Sources */ = {
			isa = PBXSourcesBuildPhase;
			buildActionMask = 2147483647;
			files = (
				B14568A01ECE2A970010B9F1 /* Persistent.swift in Sources */,
				B1F795891ECCD57D000A6DEB /* GradientRainbowView.swift in Sources */,
				B16615121ECC5476000EEB05 /* SessionCell.swift in Sources */,
				B16615141ECC7814000EEB05 /* Badge.swift in Sources */,
				B1D0CFDD1ED2EC1B00539523 /* SocketManager.swift in Sources */,
				B16615051ECAFEE2000EEB05 /* log.swift in Sources */,
				B10254601ECA00C50064373A /* ClassExtensions.swift in Sources */,
				B1D0CFDF1ED31E0300539523 /* PiperChatUserManager.swift in Sources */,
				B15926721ECD935400AE9140 /* AccountManager.swift in Sources */,
				B15926701ECD919A00AE9140 /* PiperChatUser.swift in Sources */,
				B10254621ECA015A0064373A /* Metadata.swift in Sources */,
				B16615101ECC4F20000EEB05 /* ChatDetailViewController.swift in Sources */,
				B10254321EC955990064373A /* AppDelegate.swift in Sources */,
				B1A036DD1ECC853300B9DDDE /* PiperChatSessionManager.swift in Sources */,
				B14568A21ECE31260010B9F1 /* RealmManager.swift in Sources */,
				B16615161ECC7CA8000EEB05 /* PiperChatSession.swift in Sources */,
				B14568A41ECF27A80010B9F1 /* FriendsPickerView.swift in Sources */,
				B16615081ECB1760000EEB05 /* MainViewController.swift in Sources */,
				B1F7958B1ECCD5E0000A6DEB /* LoginViewController.swift in Sources */,
				B166150E1ECC4C55000EEB05 /* PiperChatMessage.swift in Sources */,
				B166150C1ECB1795000EEB05 /* BubbleCell.swift in Sources */,
				B14568A61ECF512E0010B9F1 /* UserCell.swift in Sources */,
			);
			runOnlyForDeploymentPostprocessing = 0;
		};
		B102543E1EC9559A0064373A /* Sources */ = {
			isa = PBXSourcesBuildPhase;
			buildActionMask = 2147483647;
			files = (
				B10254471EC9559A0064373A /* PiperChatTests.swift in Sources */,
			);
			runOnlyForDeploymentPostprocessing = 0;
		};
		B10254491EC9559A0064373A /* Sources */ = {
			isa = PBXSourcesBuildPhase;
			buildActionMask = 2147483647;
			files = (
				B10254521EC9559A0064373A /* PiperChatUITests.swift in Sources */,
			);
			runOnlyForDeploymentPostprocessing = 0;
		};
/* End PBXSourcesBuildPhase section */

/* Begin PBXTargetDependency section */
		B10254441EC9559A0064373A /* PBXTargetDependency */ = {
			isa = PBXTargetDependency;
			target = B102542D1EC955990064373A /* PiperChat */;
			targetProxy = B10254431EC9559A0064373A /* PBXContainerItemProxy */;
		};
		B102544F1EC9559A0064373A /* PBXTargetDependency */ = {
			isa = PBXTargetDependency;
			target = B102542D1EC955990064373A /* PiperChat */;
			targetProxy = B102544E1EC9559A0064373A /* PBXContainerItemProxy */;
		};
/* End PBXTargetDependency section */

/* Begin PBXVariantGroup section */
		B102543A1EC955990064373A /* LaunchScreen.storyboard */ = {
			isa = PBXVariantGroup;
			children = (
				B102543B1EC955990064373A /* Base */,
			);
			name = LaunchScreen.storyboard;
			sourceTree = "<group>";
		};
/* End PBXVariantGroup section */

/* Begin XCBuildConfiguration section */
		B10254541EC9559A0064373A /* Debug */ = {
			isa = XCBuildConfiguration;
			buildSettings = {
				ALWAYS_SEARCH_USER_PATHS = NO;
				CLANG_ANALYZER_NONNULL = YES;
				CLANG_ANALYZER_NUMBER_OBJECT_CONVERSION = YES_AGGRESSIVE;
				CLANG_CXX_LANGUAGE_STANDARD = "gnu++0x";
				CLANG_CXX_LIBRARY = "libc++";
				CLANG_ENABLE_MODULES = YES;
				CLANG_ENABLE_OBJC_ARC = YES;
				CLANG_WARN_BOOL_CONVERSION = YES;
				CLANG_WARN_CONSTANT_CONVERSION = YES;
				CLANG_WARN_DIRECT_OBJC_ISA_USAGE = YES_ERROR;
				CLANG_WARN_DOCUMENTATION_COMMENTS = YES;
				CLANG_WARN_EMPTY_BODY = YES;
				CLANG_WARN_ENUM_CONVERSION = YES;
				CLANG_WARN_INFINITE_RECURSION = YES;
				CLANG_WARN_INT_CONVERSION = YES;
				CLANG_WARN_OBJC_ROOT_CLASS = YES_ERROR;
				CLANG_WARN_SUSPICIOUS_MOVE = YES;
				CLANG_WARN_UNREACHABLE_CODE = YES;
				CLANG_WARN__DUPLICATE_METHOD_MATCH = YES;
				"CODE_SIGN_IDENTITY[sdk=iphoneos*]" = "iPhone Developer";
				COPY_PHASE_STRIP = NO;
				DEBUG_INFORMATION_FORMAT = dwarf;
				ENABLE_STRICT_OBJC_MSGSEND = YES;
				ENABLE_TESTABILITY = YES;
				GCC_C_LANGUAGE_STANDARD = gnu99;
				GCC_DYNAMIC_NO_PIC = NO;
				GCC_NO_COMMON_BLOCKS = YES;
				GCC_OPTIMIZATION_LEVEL = 0;
				GCC_PREPROCESSOR_DEFINITIONS = (
					"DEBUG=1",
					"$(inherited)",
				);
				GCC_WARN_64_TO_32_BIT_CONVERSION = YES;
				GCC_WARN_ABOUT_RETURN_TYPE = YES_ERROR;
				GCC_WARN_UNDECLARED_SELECTOR = YES;
				GCC_WARN_UNINITIALIZED_AUTOS = YES_AGGRESSIVE;
				GCC_WARN_UNUSED_FUNCTION = YES;
				GCC_WARN_UNUSED_VARIABLE = YES;
				IPHONEOS_DEPLOYMENT_TARGET = 10.3;
				MTL_ENABLE_DEBUG_INFO = YES;
				ONLY_ACTIVE_ARCH = YES;
				SDKROOT = iphoneos;
				SWIFT_ACTIVE_COMPILATION_CONDITIONS = DEBUG;
				SWIFT_OPTIMIZATION_LEVEL = "-Onone";
				TARGETED_DEVICE_FAMILY = "1,2";
			};
			name = Debug;
		};
		B10254551EC9559A0064373A /* Release */ = {
			isa = XCBuildConfiguration;
			buildSettings = {
				ALWAYS_SEARCH_USER_PATHS = NO;
				CLANG_ANALYZER_NONNULL = YES;
				CLANG_ANALYZER_NUMBER_OBJECT_CONVERSION = YES_AGGRESSIVE;
				CLANG_CXX_LANGUAGE_STANDARD = "gnu++0x";
				CLANG_CXX_LIBRARY = "libc++";
				CLANG_ENABLE_MODULES = YES;
				CLANG_ENABLE_OBJC_ARC = YES;
				CLANG_WARN_BOOL_CONVERSION = YES;
				CLANG_WARN_CONSTANT_CONVERSION = YES;
				CLANG_WARN_DIRECT_OBJC_ISA_USAGE = YES_ERROR;
				CLANG_WARN_DOCUMENTATION_COMMENTS = YES;
				CLANG_WARN_EMPTY_BODY = YES;
				CLANG_WARN_ENUM_CONVERSION = YES;
				CLANG_WARN_INFINITE_RECURSION = YES;
				CLANG_WARN_INT_CONVERSION = YES;
				CLANG_WARN_OBJC_ROOT_CLASS = YES_ERROR;
				CLANG_WARN_SUSPICIOUS_MOVE = YES;
				CLANG_WARN_UNREACHABLE_CODE = YES;
				CLANG_WARN__DUPLICATE_METHOD_MATCH = YES;
				"CODE_SIGN_IDENTITY[sdk=iphoneos*]" = "iPhone Developer";
				COPY_PHASE_STRIP = NO;
				DEBUG_INFORMATION_FORMAT = "dwarf-with-dsym";
				ENABLE_NS_ASSERTIONS = NO;
				ENABLE_STRICT_OBJC_MSGSEND = YES;
				GCC_C_LANGUAGE_STANDARD = gnu99;
				GCC_NO_COMMON_BLOCKS = YES;
				GCC_WARN_64_TO_32_BIT_CONVERSION = YES;
				GCC_WARN_ABOUT_RETURN_TYPE = YES_ERROR;
				GCC_WARN_UNDECLARED_SELECTOR = YES;
				GCC_WARN_UNINITIALIZED_AUTOS = YES_AGGRESSIVE;
				GCC_WARN_UNUSED_FUNCTION = YES;
				GCC_WARN_UNUSED_VARIABLE = YES;
				IPHONEOS_DEPLOYMENT_TARGET = 10.3;
				MTL_ENABLE_DEBUG_INFO = NO;
				SDKROOT = iphoneos;
				SWIFT_OPTIMIZATION_LEVEL = "-Owholemodule";
				TARGETED_DEVICE_FAMILY = "1,2";
				VALIDATE_PRODUCT = YES;
			};
			name = Release;
		};
		B10254571EC9559A0064373A /* Debug */ = {
			isa = XCBuildConfiguration;
			baseConfigurationReference = 70162BDAE0A63ABA05925DF8 /* Pods-PiperChat.debug.xcconfig */;
			buildSettings = {
				ASSETCATALOG_COMPILER_APPICON_NAME = AppIcon;
				DEVELOPMENT_TEAM = N777F9PD46;
				INFOPLIST_FILE = PiperChat/Info.plist;
				LD_RUNPATH_SEARCH_PATHS = "$(inherited) @executable_path/Frameworks";
				PRODUCT_BUNDLE_IDENTIFIER = com.allenxa.PiperChat;
				PRODUCT_NAME = "$(TARGET_NAME)";
				SWIFT_VERSION = 3.0;
				TARGETED_DEVICE_FAMILY = 1;
			};
			name = Debug;
		};
		B10254581EC9559A0064373A /* Release */ = {
			isa = XCBuildConfiguration;
			baseConfigurationReference = 72D6EBF1EB6FF40B5A138B33 /* Pods-PiperChat.release.xcconfig */;
			buildSettings = {
				ASSETCATALOG_COMPILER_APPICON_NAME = AppIcon;
				DEVELOPMENT_TEAM = N777F9PD46;
				INFOPLIST_FILE = PiperChat/Info.plist;
				LD_RUNPATH_SEARCH_PATHS = "$(inherited) @executable_path/Frameworks";
				PRODUCT_BUNDLE_IDENTIFIER = com.allenxa.PiperChat;
				PRODUCT_NAME = "$(TARGET_NAME)";
				SWIFT_VERSION = 3.0;
				TARGETED_DEVICE_FAMILY = 1;
			};
			name = Release;
		};
		B102545A1EC9559A0064373A /* Debug */ = {
			isa = XCBuildConfiguration;
			baseConfigurationReference = 03E49E961D0D6B70ED447BC5 /* Pods-PiperChatTests.debug.xcconfig */;
			buildSettings = {
				ALWAYS_EMBED_SWIFT_STANDARD_LIBRARIES = YES;
				BUNDLE_LOADER = "$(TEST_HOST)";
				DEVELOPMENT_TEAM = N777F9PD46;
				INFOPLIST_FILE = PiperChatTests/Info.plist;
				LD_RUNPATH_SEARCH_PATHS = "$(inherited) @executable_path/Frameworks @loader_path/Frameworks";
				PRODUCT_BUNDLE_IDENTIFIER = com.allenxa.PiperChatTests;
				PRODUCT_NAME = "$(TARGET_NAME)";
				SWIFT_VERSION = 3.0;
				TEST_HOST = "$(BUILT_PRODUCTS_DIR)/PiperChat.app/PiperChat";
			};
			name = Debug;
		};
		B102545B1EC9559A0064373A /* Release */ = {
			isa = XCBuildConfiguration;
			baseConfigurationReference = 752DDDCB994126DA576A07B6 /* Pods-PiperChatTests.release.xcconfig */;
			buildSettings = {
				ALWAYS_EMBED_SWIFT_STANDARD_LIBRARIES = YES;
				BUNDLE_LOADER = "$(TEST_HOST)";
				DEVELOPMENT_TEAM = N777F9PD46;
				INFOPLIST_FILE = PiperChatTests/Info.plist;
				LD_RUNPATH_SEARCH_PATHS = "$(inherited) @executable_path/Frameworks @loader_path/Frameworks";
				PRODUCT_BUNDLE_IDENTIFIER = com.allenxa.PiperChatTests;
				PRODUCT_NAME = "$(TARGET_NAME)";
				SWIFT_VERSION = 3.0;
				TEST_HOST = "$(BUILT_PRODUCTS_DIR)/PiperChat.app/PiperChat";
			};
			name = Release;
		};
		B102545D1EC9559A0064373A /* Debug */ = {
			isa = XCBuildConfiguration;
			baseConfigurationReference = 94B5B0CB2831069806A7B251 /* Pods-PiperChatUITests.debug.xcconfig */;
			buildSettings = {
				ALWAYS_EMBED_SWIFT_STANDARD_LIBRARIES = YES;
				DEVELOPMENT_TEAM = N777F9PD46;
				INFOPLIST_FILE = PiperChatUITests/Info.plist;
				LD_RUNPATH_SEARCH_PATHS = "$(inherited) @executable_path/Frameworks @loader_path/Frameworks";
				PRODUCT_BUNDLE_IDENTIFIER = com.allenxa.PiperChatUITests;
				PRODUCT_NAME = "$(TARGET_NAME)";
				SWIFT_VERSION = 3.0;
				TEST_TARGET_NAME = PiperChat;
			};
			name = Debug;
		};
		B102545E1EC9559A0064373A /* Release */ = {
			isa = XCBuildConfiguration;
			baseConfigurationReference = BD4EC1DE6338BB50BA8157BA /* Pods-PiperChatUITests.release.xcconfig */;
			buildSettings = {
				ALWAYS_EMBED_SWIFT_STANDARD_LIBRARIES = YES;
				DEVELOPMENT_TEAM = N777F9PD46;
				INFOPLIST_FILE = PiperChatUITests/Info.plist;
				LD_RUNPATH_SEARCH_PATHS = "$(inherited) @executable_path/Frameworks @loader_path/Frameworks";
				PRODUCT_BUNDLE_IDENTIFIER = com.allenxa.PiperChatUITests;
				PRODUCT_NAME = "$(TARGET_NAME)";
				SWIFT_VERSION = 3.0;
				TEST_TARGET_NAME = PiperChat;
			};
			name = Release;
		};
/* End XCBuildConfiguration section */

/* Begin XCConfigurationList section */
		B10254291EC955990064373A /* Build configuration list for PBXProject "PiperChat" */ = {
			isa = XCConfigurationList;
			buildConfigurations = (
				B10254541EC9559A0064373A /* Debug */,
				B10254551EC9559A0064373A /* Release */,
			);
			defaultConfigurationIsVisible = 0;
			defaultConfigurationName = Release;
		};
		B10254561EC9559A0064373A /* Build configuration list for PBXNativeTarget "PiperChat" */ = {
			isa = XCConfigurationList;
			buildConfigurations = (
				B10254571EC9559A0064373A /* Debug */,
				B10254581EC9559A0064373A /* Release */,
			);
			defaultConfigurationIsVisible = 0;
			defaultConfigurationName = Release;
		};
		B10254591EC9559A0064373A /* Build configuration list for PBXNativeTarget "PiperChatTests" */ = {
			isa = XCConfigurationList;
			buildConfigurations = (
				B102545A1EC9559A0064373A /* Debug */,
				B102545B1EC9559A0064373A /* Release */,
			);
			defaultConfigurationIsVisible = 0;
			defaultConfigurationName = Release;
		};
		B102545C1EC9559A0064373A /* Build configuration list for PBXNativeTarget "PiperChatUITests" */ = {
			isa = XCConfigurationList;
			buildConfigurations = (
				B102545D1EC9559A0064373A /* Debug */,
				B102545E1EC9559A0064373A /* Release */,
			);
			defaultConfigurationIsVisible = 0;
			defaultConfigurationName = Release;
		};
/* End XCConfigurationList section */
	};
	rootObject = B10254261EC955990064373A /* Project object */;
}
